<?xml version="1.0" encoding="utf-8"?>
<Project ToolsVersion="4.0" xmlns="http://schemas.microsoft.com/developer/msbuild/2003">
  <ItemGroup>
    <Filter Include="Source Files">
      <UniqueIdentifier>{4FC737F1-C7A5-4376-A066-2A32D752A2FF}</UniqueIdentifier>
      <Extensions>cpp;c;cc;cxx;c++;cppm;ixx;def;odl;idl;hpj;bat;asm;asmx</Extensions>
    </Filter>
    <Filter Include="Header Files">
      <UniqueIdentifier>{93995380-89BD-4b04-88EB-625FBE52EBFB}</UniqueIdentifier>
      <Extensions>h;hh;hpp;hxx;h++;hm;inl;inc;ipp;xsd</Extensions>
    </Filter>
    <Filter Include="Resource Files">
      <UniqueIdentifier>{67DA6AB6-F800-4c08-8B7A-83BB121AAD01}</UniqueIdentifier>
      <Extensions>rc;ico;cur;bmp;dlg;rc2;rct;bin;rgs;gif;jpg;jpeg;jpe;resx;tiff;tif;png;wav;mfcribbon-ms</Extensions>
    </Filter>
  </ItemGroup>
  <ItemGroup>
    <ClCompile Include="AppLockerPolicyTool.cpp">
      <Filter>Source Files</Filter>
    </ClCompile>
    <ClCompile Include="AppLockerPolicy_CSP.cpp">
      <Filter>Source Files</Filter>
    </ClCompile>
    <ClCompile Include="AppLockerPolicy_LGPO.cpp">
      <Filter>Source Files</Filter>
    </ClCompile>
    <ClCompile Include="AppLockerXmlParser.cpp">
      <Filter>Source Files</Filter>
    </ClCompile>
    <ClCompile Include="CSid.cpp">
      <Filter>Source Files</Filter>
    </ClCompile>
    <ClCompile Include="LocalGPO.cpp">
      <Filter>Source Files</Filter>
    </ClCompile>
    <ClCompile Include="SidStrings.cpp">
      <Filter>Source Files</Filter>
    </ClCompile>
    <ClCompile Include="SysErrorMessage.cpp">
      <Filter>Source Files</Filter>
    </ClCompile>
    <ClCompile Include="WhoAmI.cpp">
      <Filter>Source Files</Filter>
    </ClCompile>
    <ClCompile Include="CoInit.cpp">
      <Filter>Source Files</Filter>
    </ClCompile>
    <ClCompile Include="DirWalker.cpp">
      <Filter>Source Files</Filter>
    </ClCompile>
    <ClCompile Include="StringUtils.cpp">
      <Filter>Source Files</Filter>
    </ClCompile>
    <ClCompile Include="WindowsDirectories.cpp">
      <Filter>Source Files</Filter>
    </ClCompile>
    <ClCompile Include="Utf8FileUtility.cpp">
      <Filter>Source Files</Filter>
    </ClCompile>
    <ClCompile Include="GetFilesAndSubdirectories.cpp">
      <Filter>Source Files</Filter>
    </ClCompile>
    <ClCompile Include="MachineSid.cpp">
      <Filter>Source Files</Filter>
    </ClCompile>
    <ClCompile Include="FileSystemUtils-Windows.cpp">
      <Filter>Source Files</Filter>
    </ClCompile>
    <ClCompile Include="AppLocker_EmergencyClean.cpp">
      <Filter>Source Files</Filter>
    </ClCompile>
  </ItemGroup>
  <ItemGroup>
    <ClInclude Include="AppLockerPolicy.h">
      <Filter>Header Files</Filter>
    </ClInclude>
    <ClInclude Include="AppLockerPolicy_CSP.h">
      <Filter>Header Files</Filter>
    </ClInclude>
    <ClInclude Include="AppLockerPolicy_LGPO.h">
      <Filter>Header Files</Filter>
    </ClInclude>
    <ClInclude Include="AppLockerXmlParser.h">
      <Filter>Header Files</Filter>
    </ClInclude>
    <ClInclude Include="CSid.h">
      <Filter>Header Files</Filter>
    </ClInclude>
    <ClInclude Include="LocalGPO.h">
      <Filter>Header Files</Filter>
    </ClInclude>
    <ClInclude Include="SidStrings.h">
      <Filter>Header Files</Filter>
    </ClInclude>
    <ClInclude Include="SysErrorMessage.h">
      <Filter>Header Files</Filter>
    </ClInclude>
    <ClInclude Include="WhoAmI.h">
      <Filter>Header Files</Filter>
    </ClInclude>
    <ClInclude Include="HEX.h">
      <Filter>Header Files</Filter>
    </ClInclude>
    <ClInclude Include="CoInit.h">
      <Filter>Header Files</Filter>
    </ClInclude>
    <ClInclude Include="DirWalker.h">
      <Filter>Header Files</Filter>
    </ClInclude>
    <ClInclude Include="StringUtils.h">
      <Filter>Header Files</Filter>
    </ClInclude>
    <ClInclude Include="Wow64FsRedirection.h">
      <Filter>Header Files</Filter>
    </ClInclude>
    <ClInclude Include="WindowsDirectories.h">
      <Filter>Header Files</Filter>
    </ClInclude>
    <ClInclude Include="Utf8FileUtility.h">
      <Filter>Header Files</Filter>
    </ClInclude>
    <ClInclude Include="CaseInsensitiveStringLookup.h">
      <Filter>Header Files</Filter>
    </ClInclude>
    <ClInclude Include="FileSystemUtils.h">
      <Filter>Header Files</Filter>
    </ClInclude>
    <ClInclude Include="GetFilesAndSubdirectories.h">
      <Filter>Header Files</Filter>
    </ClInclude>
    <ClInclude Include="MachineSid.h">
      <Filter>Header Files</Filter>
    </ClInclude>
    <ClInclude Include="FileSystemUtils-Windows.h">
      <Filter>Header Files</Filter>
    </ClInclude>
    <ClInclude Include="resource.h">
      <Filter>Header Files</Filter>
    </ClInclude>
    <ClInclude Include="AppLocker_EmergencyClean.h">
      <Filter>Header Files</Filter>
    </ClInclude>
  </ItemGroup>
  <ItemGroup>
    <ResourceCompile Include="AppLockerPolicyTool.rc">
      <Filter>Resource Files</Filter>
    </ResourceCompile>
  </ItemGroup>
  <ItemGroup>
    <None Include="README.md" />
    <None Include="LICENSE" />
  </ItemGroup>
</Project>